
Microsoft Visual Studio Solution File, Format Version 12.00
# Visual Studio Version 17
VisualStudioVersion = 17.13.35931.197 d17.13
MinimumVisualStudioVersion = 10.0.40219.1
Project("{FAE04EC0-301F-11D3-BF4B-00C04F79EFBC}") = "Cli", "cli\Cli.csproj", "{09C5FB87-79C5-4556-B381-672A642FD437}"
EndProject
Project("{FAE04EC0-301F-11D3-BF4B-00C04F79EFBC}") = "ClsLib", "ClsLib\ClsLib.csproj", "{AB1CB201-0F5E-4E8F-BE58-A21D9EF8E595}"
EndProject
Global
	GlobalSection(SolutionConfigurationPlatforms) = preSolution
		Debug|Any CPU = Debug|Any CPU
		Release|Any CPU = Release|Any CPU
	EndGlobalSection
	GlobalSection(ProjectConfigurationPlatforms) = postSolution
		{09C5FB87-79C5-4556-B381-672A642FD437}.Debug|Any CPU.ActiveCfg = Debug|Any CPU
		{09C5FB87-79C5-4556-B381-672A642FD437}.Debug|Any CPU.Build.0 = Debug|Any CPU
		{09C5FB87-79C5-4556-B381-672A642FD437}.Release|Any CPU.ActiveCfg = Release|Any CPU
		{09C5FB87-79C5-4556-B381-672A642FD437}.Release|Any CPU.Build.0 = Release|Any CPU
		{AB1CB201-0F5E-4E8F-BE58-A21D9EF8E595}.Debug|Any CPU.ActiveCfg = Debug|Any CPU
		{AB1CB201-0F5E-4E8F-BE58-A21D9EF8E595}.Debug|Any CPU.Build.0 = Debug|Any CPU
		{AB1CB201-0F5E-4E8F-BE58-A21D9EF8E595}.Release|Any CPU.ActiveCfg = Release|Any CPU
		{AB1CB201-0F5E-4E8F-BE58-A21D9EF8E595}.Release|Any CPU.Build.0 = Release|Any CPU
	EndGlobalSection
	GlobalSection(SolutionProperties) = preSolution
		HideSolutionNode = FALSE
	EndGlobalSection
	GlobalSection(ExtensibilityGlobals) = postSolution
		SolutionGuid = {ADD9191F-0555-48E9-804D-78AA680844AC}
	EndGlobalSection
EndGlobal
